
Microsoft Visual Studio Solution File, Format Version 12.00
# Visual Studio Version 16
VisualStudioVersion = 16.0.29926.136
MinimumVisualStudioVersion = 10.0.40219.1
Project("{8BC9CEB8-8B4A-11D0-8D11-00A0C91BC942}") = "console-synth", "console-synth\console-synth.vcxproj", "{C957E0FF-74D6-4972-B4C9-9029ED733023}"
EndProject
Global
	GlobalSection(SolutionConfigurationPlatforms) = preSolution
		Debug_Brinstar|x64 = Debug_Brinstar|x64
		Debug_Brinstar|x86 = Debug_Brinstar|x86
		Debug|x64 = Debug|x64
		Debug|x86 = Debug|x86
		Release|x64 = Release|x64
		Release|x86 = Release|x86
		Template|x64 = Template|x64
		Template|x86 = Template|x86
	EndGlobalSection
	GlobalSection(ProjectConfigurationPlatforms) = postSolution
		{C957E0FF-74D6-4972-B4C9-9029ED733023}.Debug_Brinstar|x64.ActiveCfg = Debug_Brinstar|x64
		{C957E0FF-74D6-4972-B4C9-9029ED733023}.Debug_Brinstar|x64.Build.0 = Debug_Brinstar|x64
		{C957E0FF-74D6-4972-B4C9-9029ED733023}.Debug_Brinstar|x86.ActiveCfg = Debug_Brinstar|Win32
		{C957E0FF-74D6-4972-B4C9-9029ED733023}.Debug_Brinstar|x86.Build.0 = Debug_Brinstar|Win32
		{C957E0FF-74D6-4972-B4C9-9029ED733023}.Debug|x64.ActiveCfg = Debug|x64
		{C957E0FF-74D6-4972-B4C9-9029ED733023}.Debug|x64.Build.0 = Debug|x64
		{C957E0FF-74D6-4972-B4C9-9029ED733023}.Debug|x86.ActiveCfg = Debug|Win32
		{C957E0FF-74D6-4972-B4C9-9029ED733023}.Debug|x86.Build.0 = Debug|Win32
		{C957E0FF-74D6-4972-B4C9-9029ED733023}.Release|x64.ActiveCfg = Release|x64
		{C957E0FF-74D6-4972-B4C9-9029ED733023}.Release|x64.Build.0 = Release|x64
		{C957E0FF-74D6-4972-B4C9-9029ED733023}.Release|x86.ActiveCfg = Release|Win32
		{C957E0FF-74D6-4972-B4C9-9029ED733023}.Release|x86.Build.0 = Release|Win32
		{C957E0FF-74D6-4972-B4C9-9029ED733023}.Template|x64.ActiveCfg = Release|x64
		{C957E0FF-74D6-4972-B4C9-9029ED733023}.Template|x64.Build.0 = Release|x64
		{C957E0FF-74D6-4972-B4C9-9029ED733023}.Template|x86.ActiveCfg = Release|Win32
		{C957E0FF-74D6-4972-B4C9-9029ED733023}.Template|x86.Build.0 = Release|Win32
	EndGlobalSection
	GlobalSection(SolutionProperties) = preSolution
		HideSolutionNode = FALSE
	EndGlobalSection
	GlobalSection(ExtensibilityGlobals) = postSolution
		SolutionGuid = {F5F37E6A-E6C0-40A7-BD0E-5CF831D406C6}
	EndGlobalSection
EndGlobal
