<?xml version="1.0" encoding="utf-8"?>
<Project ToolsVersion="4.0" xmlns="http://schemas.microsoft.com/developer/msbuild/2003">
  <ItemGroup>
    <Filter Include="Source Files">
      <UniqueIdentifier>{4FC737F1-C7A5-4376-A066-2A32D752A2FF}</UniqueIdentifier>
      <Extensions>cpp;c;cc;cxx;c++;def;odl;idl;hpj;bat;asm;asmx</Extensions>
    </Filter>
    <Filter Include="Header Files">
      <UniqueIdentifier>{93995380-89BD-4b04-88EB-625FBE52EBFB}</UniqueIdentifier>
      <Extensions>h;hh;hpp;hxx;h++;hm;inl;inc;ipp;xsd</Extensions>
    </Filter>
    <Filter Include="Resource Files">
      <UniqueIdentifier>{67DA6AB6-F800-4c08-8B7A-83BB121AAD01}</UniqueIdentifier>
      <Extensions>rc;ico;cur;bmp;dlg;rc2;rct;bin;rgs;gif;jpg;jpeg;jpe;resx;tiff;tif;png;wav;mfcribbon-ms</Extensions>
    </Filter>
    <Filter Include="Header Files\Signal">
      <UniqueIdentifier>{0baa60a7-1517-49ee-8f7e-fbfadfc7509f}</UniqueIdentifier>
    </Filter>
    <Filter Include="Header Files\Filter">
      <UniqueIdentifier>{d7a4f0e1-fc29-4796-8171-b720249ed189}</UniqueIdentifier>
    </Filter>
    <Filter Include="Header Files\Effect">
      <UniqueIdentifier>{e0517f71-b27f-4164-8173-fdd212b87610}</UniqueIdentifier>
    </Filter>
    <Filter Include="Header Files\Synth">
      <UniqueIdentifier>{d89a6ed0-baf5-4089-b1d0-f4c08f1100c1}</UniqueIdentifier>
    </Filter>
    <Filter Include="Header Files\Playback">
      <UniqueIdentifier>{66465df5-183d-4490-b6af-941f18ec26a9}</UniqueIdentifier>
    </Filter>
    <Filter Include="Source Files\Filter">
      <UniqueIdentifier>{a087bd44-eac6-4f1c-9a83-9d59e1270408}</UniqueIdentifier>
    </Filter>
    <Filter Include="Source Files\Effect">
      <UniqueIdentifier>{8caceda7-28a6-4e0f-81e2-aaeb337ebe61}</UniqueIdentifier>
    </Filter>
    <Filter Include="Source Files\Playback">
      <UniqueIdentifier>{4c9fc15d-eddc-4265-b12f-222c52297cc6}</UniqueIdentifier>
    </Filter>
    <Filter Include="Source Files\Synth">
      <UniqueIdentifier>{35486090-8782-4b4f-ae16-cabb022def2f}</UniqueIdentifier>
    </Filter>
    <Filter Include="Source Files\Signal">
      <UniqueIdentifier>{0d1d3b8e-02d5-4db9-8764-d85c9a4b24e9}</UniqueIdentifier>
    </Filter>
    <Filter Include="Header Files\Vendor">
      <UniqueIdentifier>{9843f0f0-0241-434f-b8b6-4a43612afaa6}</UniqueIdentifier>
    </Filter>
    <Filter Include="Header Files\Vendor\smf">
      <UniqueIdentifier>{3b95484a-aeb2-46d1-bd92-365824712d4b}</UniqueIdentifier>
    </Filter>
    <Filter Include="Source Files\Vendor">
      <UniqueIdentifier>{2af0b071-0547-4f0c-9503-353692a448b6}</UniqueIdentifier>
    </Filter>
    <Filter Include="Source Files\Vendor\smf">
      <UniqueIdentifier>{76bca306-61c2-4d7d-882d-6b8e696a1f8f}</UniqueIdentifier>
    </Filter>
    <Filter Include="Header Files\UI">
      <UniqueIdentifier>{7e853b8b-6ffb-4467-8385-123e567e863b}</UniqueIdentifier>
    </Filter>
    <Filter Include="Source Files\UI">
      <UniqueIdentifier>{5f3d3bde-aebf-4130-bf3c-c2345932b5f3}</UniqueIdentifier>
    </Filter>
    <Filter Include="Header Files\Controller">
      <UniqueIdentifier>{cbd085ba-d6cb-4792-801d-3b67f107221e}</UniqueIdentifier>
    </Filter>
    <Filter Include="Header Files\Vendor\airwindows">
      <UniqueIdentifier>{db32ec96-9cd5-43d6-9475-b35721f2a00b}</UniqueIdentifier>
    </Filter>
    <Filter Include="Source Files\Vendor\airwindows">
      <UniqueIdentifier>{fd6e209f-91a9-45d9-ae8b-277278b95414}</UniqueIdentifier>
    </Filter>
    <Filter Include="Source Files\Controller">
      <UniqueIdentifier>{eab1df1b-84e7-4ba5-af05-4a3182995f2f}</UniqueIdentifier>
    </Filter>
  </ItemGroup>
  <ItemGroup>
    <ClCompile Include="program.cpp">
      <Filter>Source Files</Filter>
    </ClCompile>
    <ClCompile Include="Binasc.cpp">
      <Filter>Source Files\Vendor\smf</Filter>
    </ClCompile>
    <ClCompile Include="MidiEvent.cpp">
      <Filter>Source Files\Vendor\smf</Filter>
    </ClCompile>
    <ClCompile Include="MidiEventList.cpp">
      <Filter>Source Files\Vendor\smf</Filter>
    </ClCompile>
    <ClCompile Include="MidiFile.cpp">
      <Filter>Source Files\Vendor\smf</Filter>
    </ClCompile>
    <ClCompile Include="MidiMessage.cpp">
      <Filter>Source Files\Vendor\smf</Filter>
    </ClCompile>
    <ClCompile Include="Options.cpp">
      <Filter>Source Files\Vendor\smf</Filter>
    </ClCompile>
    <ClCompile Include="ButterworthFilter.cpp">
      <Filter>Source Files\Filter</Filter>
    </ClCompile>
    <ClCompile Include="Envelope.cpp">
      <Filter>Source Files\Signal</Filter>
    </ClCompile>
    <ClCompile Include="Synth.cpp">
      <Filter>Source Files\Synth</Filter>
    </ClCompile>
    <ClCompile Include="SynthNote.cpp">
      <Filter>Source Files\Synth</Filter>
    </ClCompile>
    <ClCompile Include="SineOscillator.cpp">
      <Filter>Source Files\Signal</Filter>
    </ClCompile>
    <ClCompile Include="TriangleOscillator.cpp">
      <Filter>Source Files\Signal</Filter>
    </ClCompile>
    <ClCompile Include="RandomOscillator.cpp">
      <Filter>Source Files\Signal</Filter>
    </ClCompile>
    <ClCompile Include="SawtoothOscillator.cpp">
      <Filter>Source Files\Signal</Filter>
    </ClCompile>
    <ClCompile Include="SquareOscillator.cpp">
      <Filter>Source Files\Signal</Filter>
    </ClCompile>
    <ClCompile Include="FilterBase.cpp">
      <Filter>Source Files\Filter</Filter>
    </ClCompile>
    <ClCompile Include="SynthConfiguration.cpp">
      <Filter>Source Files\Synth</Filter>
    </ClCompile>
    <ClCompile Include="SynthNoteMap.cpp">
      <Filter>Source Files\Synth</Filter>
    </ClCompile>
    <ClCompile Include="PlaybackClock.cpp">
      <Filter>Source Files\Playback</Filter>
    </ClCompile>
    <ClCompile Include="OscillatorUI.cpp">
      <Filter>Source Files\UI</Filter>
    </ClCompile>
    <ClCompile Include="UIBase.cpp">
      <Filter>Source Files\UI</Filter>
    </ClCompile>
    <ClCompile Include="EnvelopeUI.cpp">
      <Filter>Source Files\UI</Filter>
    </ClCompile>
    <ClCompile Include="SliderUI.cpp">
      <Filter>Source Files\UI</Filter>
    </ClCompile>
    <ClCompile Include="EnvelopeFilterUI.cpp">
      <Filter>Source Files\UI</Filter>
    </ClCompile>
    <ClCompile Include="ReverbUI.cpp">
      <Filter>Source Files\UI</Filter>
    </ClCompile>
    <ClCompile Include="DelayUI.cpp">
      <Filter>Source Files\UI</Filter>
    </ClCompile>
    <ClCompile Include="..\vendor\airwin2rack-DAWPlugin\kCathedralProc.cpp">
      <Filter>Source Files\Vendor\airwindows</Filter>
    </ClCompile>
    <ClCompile Include="..\vendor\airwin2rack-DAWPlugin\kCathedral.cpp">
      <Filter>Source Files\Vendor\airwindows</Filter>
    </ClCompile>
    <ClCompile Include="..\vendor\airwin2rack-DAWPlugin\airwin_consolidated_base.cpp">
      <Filter>Source Files\Vendor\airwindows</Filter>
    </ClCompile>
    <ClCompile Include="AudioController.cpp">
      <Filter>Source Files\Controller</Filter>
    </ClCompile>
    <ClCompile Include="MainController.cpp">
      <Filter>Source Files\Controller</Filter>
    </ClCompile>
    <ClCompile Include="UIController.cpp">
      <Filter>Source Files\Controller</Filter>
    </ClCompile>
    <ClCompile Include="RtAudioController.cpp">
      <Filter>Source Files\Controller</Filter>
    </ClCompile>
    <ClCompile Include="CombFilterChannel.cpp">
      <Filter>Source Files\Filter</Filter>
    </ClCompile>
    <ClCompile Include="ButterworthFilterChannel.cpp">
      <Filter>Source Files\Filter</Filter>
    </ClCompile>
    <ClCompile Include="AllPassFilterChannel.cpp">
      <Filter>Source Files\Filter</Filter>
    </ClCompile>
    <ClCompile Include="CompressorUI.cpp">
      <Filter>Source Files\UI</Filter>
    </ClCompile>
    <ClCompile Include="OutputUI.cpp">
      <Filter>Source Files\UI</Filter>
    </ClCompile>
    <ClCompile Include="SynthInformationUI.cpp">
      <Filter>Source Files\UI</Filter>
    </ClCompile>
    <ClCompile Include="CompressorChannel.cpp">
      <Filter>Source Files\Effect</Filter>
    </ClCompile>
    <ClCompile Include="ReverbChannel.cpp">
      <Filter>Source Files\Effect</Filter>
    </ClCompile>
    <ClCompile Include="AirwindowsEffect.cpp">
      <Filter>Source Files\Effect</Filter>
    </ClCompile>
    <ClCompile Include="EnvelopeFilterChannel.cpp">
      <Filter>Source Files\Filter</Filter>
    </ClCompile>
    <ClCompile Include="StopWatch.cpp">
      <Filter>Source Files\Playback</Filter>
    </ClCompile>
    <ClCompile Include="LoopTimer.cpp">
      <Filter>Source Files\Playback</Filter>
    </ClCompile>
    <ClCompile Include="IntervalTimer.cpp">
      <Filter>Source Files\Playback</Filter>
    </ClCompile>
    <ClCompile Include="Filter.cpp">
      <Filter>Source Files\Filter</Filter>
    </ClCompile>
    <ClCompile Include="OscillatorBase.cpp">
      <Filter>Source Files\Signal</Filter>
    </ClCompile>
    <ClCompile Include="SynthNoteQueue.cpp">
      <Filter>Source Files\Synth</Filter>
    </ClCompile>
    <ClCompile Include="MainUI.cpp">
      <Filter>Source Files\UI</Filter>
    </ClCompile>
  </ItemGroup>
  <ItemGroup>
    <ClInclude Include="WindowsKeyCodes.h">
      <Filter>Header Files</Filter>
    </ClInclude>
    <ClInclude Include="Constant.h">
      <Filter>Header Files</Filter>
    </ClInclude>
    <ClInclude Include="Options.h">
      <Filter>Header Files\Vendor\smf</Filter>
    </ClInclude>
    <ClInclude Include="MidiEvent.h">
      <Filter>Header Files\Vendor\smf</Filter>
    </ClInclude>
    <ClInclude Include="MidiEventList.h">
      <Filter>Header Files\Vendor\smf</Filter>
    </ClInclude>
    <ClInclude Include="MidiFile.h">
      <Filter>Header Files\Vendor\smf</Filter>
    </ClInclude>
    <ClInclude Include="MidiMessage.h">
      <Filter>Header Files\Vendor\smf</Filter>
    </ClInclude>
    <ClInclude Include="Binasc.h">
      <Filter>Header Files\Vendor\smf</Filter>
    </ClInclude>
    <ClInclude Include="ButterworthFilter.h">
      <Filter>Header Files\Filter</Filter>
    </ClInclude>
    <ClInclude Include="Envelope.h">
      <Filter>Header Files\Signal</Filter>
    </ClInclude>
    <ClInclude Include="Synth.h">
      <Filter>Header Files\Synth</Filter>
    </ClInclude>
    <ClInclude Include="SynthNote.h">
      <Filter>Header Files\Synth</Filter>
    </ClInclude>
    <ClInclude Include="SynthPlaybackDevice.h">
      <Filter>Header Files\Playback</Filter>
    </ClInclude>
    <ClInclude Include="MidiPlaybackDevice.h">
      <Filter>Header Files\Playback</Filter>
    </ClInclude>
    <ClInclude Include="PlaybackDevice.h">
      <Filter>Header Files\Playback</Filter>
    </ClInclude>
    <ClInclude Include="SineOscillator.h">
      <Filter>Header Files\Signal</Filter>
    </ClInclude>
    <ClInclude Include="TriangleOscillator.h">
      <Filter>Header Files\Signal</Filter>
    </ClInclude>
    <ClInclude Include="RandomOscillator.h">
      <Filter>Header Files\Signal</Filter>
    </ClInclude>
    <ClInclude Include="SawtoothOscillator.h">
      <Filter>Header Files\Signal</Filter>
    </ClInclude>
    <ClInclude Include="SquareOscillator.h">
      <Filter>Header Files\Signal</Filter>
    </ClInclude>
    <ClInclude Include="FilterBase.h">
      <Filter>Header Files\Filter</Filter>
    </ClInclude>
    <ClInclude Include="SynthConfiguration.h">
      <Filter>Header Files\Synth</Filter>
    </ClInclude>
    <ClInclude Include="SynthNoteMap.h">
      <Filter>Header Files\Synth</Filter>
    </ClInclude>
    <ClInclude Include="PlaybackBuffer.h">
      <Filter>Header Files\Playback</Filter>
    </ClInclude>
    <ClInclude Include="PlaybackClock.h">
      <Filter>Header Files\Playback</Filter>
    </ClInclude>
    <ClInclude Include="OscillatorUI.h">
      <Filter>Header Files\UI</Filter>
    </ClInclude>
    <ClInclude Include="UIBase.h">
      <Filter>Header Files\UI</Filter>
    </ClInclude>
    <ClInclude Include="PlaybackParameters.h">
      <Filter>Header Files\Playback</Filter>
    </ClInclude>
    <ClInclude Include="EnvelopeUI.h">
      <Filter>Header Files\UI</Filter>
    </ClInclude>
    <ClInclude Include="SliderUI.h">
      <Filter>Header Files\UI</Filter>
    </ClInclude>
    <ClInclude Include="EnvelopeFilterUI.h">
      <Filter>Header Files\UI</Filter>
    </ClInclude>
    <ClInclude Include="ReverbUI.h">
      <Filter>Header Files\UI</Filter>
    </ClInclude>
    <ClInclude Include="DelayUI.h">
      <Filter>Header Files\UI</Filter>
    </ClInclude>
    <ClInclude Include="BaseController.h">
      <Filter>Header Files\Controller</Filter>
    </ClInclude>
    <ClInclude Include="AudioController.h">
      <Filter>Header Files\Controller</Filter>
    </ClInclude>
    <ClInclude Include="AirwindowsEffect.h">
      <Filter>Header Files\Effect</Filter>
    </ClInclude>
    <ClInclude Include="AllPassFilterChannel.h">
      <Filter>Header Files\Filter</Filter>
    </ClInclude>
    <ClInclude Include="ButterworthFilterChannel.h">
      <Filter>Header Files\Filter</Filter>
    </ClInclude>
    <ClInclude Include="CombFilterChannel.h">
      <Filter>Header Files\Filter</Filter>
    </ClInclude>
    <ClInclude Include="CompressorChannel.h">
      <Filter>Header Files\Effect</Filter>
    </ClInclude>
    <ClInclude Include="..\vendor\airwin2rack-DAWPlugin\airwin_consolidated_base.h">
      <Filter>Header Files\Vendor\airwindows</Filter>
    </ClInclude>
    <ClInclude Include="Accumulator.h">
      <Filter>Header Files\Playback</Filter>
    </ClInclude>
    <ClInclude Include="CompressorUI.h">
      <Filter>Header Files\UI</Filter>
    </ClInclude>
    <ClInclude Include="EnvelopeFilterChannel.h">
      <Filter>Header Files\Filter</Filter>
    </ClInclude>
    <ClInclude Include="FilterChannelBase.h">
      <Filter>Header Files\Filter</Filter>
    </ClInclude>
    <ClInclude Include="Filter.h">
      <Filter>Header Files\Filter</Filter>
    </ClInclude>
    <ClInclude Include="IntervalTimer.h">
      <Filter>Header Files\Playback</Filter>
    </ClInclude>
    <ClInclude Include="..\vendor\airwin2rack-DAWPlugin\kCathedral.h">
      <Filter>Header Files\Vendor\airwindows</Filter>
    </ClInclude>
    <ClInclude Include="LoopTimer.h">
      <Filter>Header Files\Playback</Filter>
    </ClInclude>
    <ClInclude Include="PlaybackFrame.h">
      <Filter>Header Files\Playback</Filter>
    </ClInclude>
    <ClInclude Include="MainController.h">
      <Filter>Header Files\Controller</Filter>
    </ClInclude>
    <ClInclude Include="MixerChannel.h">
      <Filter>Header Files\Filter</Filter>
    </ClInclude>
    <ClInclude Include="OscillatorBase.h">
      <Filter>Header Files\Signal</Filter>
    </ClInclude>
    <ClInclude Include="OutputUI.h">
      <Filter>Header Files\UI</Filter>
    </ClInclude>
    <ClInclude Include="ReverbChannel.h">
      <Filter>Header Files\Effect</Filter>
    </ClInclude>
    <ClInclude Include="RtAudioController.h">
      <Filter>Header Files\Controller</Filter>
    </ClInclude>
    <ClInclude Include="SignalChannelBase.h">
      <Filter>Header Files\Signal</Filter>
    </ClInclude>
    <ClInclude Include="SynthInformationUI.h">
      <Filter>Header Files\UI</Filter>
    </ClInclude>
    <ClInclude Include="UIController.h">
      <Filter>Header Files\Controller</Filter>
    </ClInclude>
    <ClInclude Include="SignalBase.h">
      <Filter>Header Files\Signal</Filter>
    </ClInclude>
    <ClInclude Include="StopWatch.h">
      <Filter>Header Files\Playback</Filter>
    </ClInclude>
    <ClInclude Include="SynthNoteQueue.h">
      <Filter>Header Files\Synth</Filter>
    </ClInclude>
    <ClInclude Include="MainUI.h">
      <Filter>Header Files\UI</Filter>
    </ClInclude>
  </ItemGroup>
</Project>